
Microsoft Visual Studio Solution File, Format Version 12.00
# Visual Studio 15
Project("{FAE04EC0-301F-11D3-BF4B-00C04F79EFBC}") = "Assembly-CSharp", "Assembly-CSharp.csproj", "{FE4F25A7-1EAE-0AC4-4735-DC16A734A17E}"
EndProject
Global
	GlobalSection(SolutionConfigurationPlatforms) = preSolution
		Debug|Any CPU = Debug|Any CPU
		Release|Any CPU = Release|Any CPU
	EndGlobalSection
	GlobalSection(ProjectConfigurationPlatforms) = postSolution
		{FE4F25A7-1EAE-0AC4-4735-DC16A734A17E}.Debug|Any CPU.ActiveCfg = Debug|Any CPU
		{FE4F25A7-1EAE-0AC4-4735-DC16A734A17E}.Debug|Any CPU.Build.0 = Debug|Any CPU
		{FE4F25A7-1EAE-0AC4-4735-DC16A734A17E}.Release|Any CPU.ActiveCfg = Release|Any CPU
		{FE4F25A7-1EAE-0AC4-4735-DC16A734A17E}.Release|Any CPU.Build.0 = Release|Any CPU
	EndGlobalSection
	GlobalSection(SolutionProperties) = preSolution
		HideSolutionNode = FALSE
	EndGlobalSection
EndGlobal
